
Microsoft Visual Studio Solution File, Format Version 12.00
# Visual Studio Version 17
VisualStudioVersion = 17.6.33815.320
MinimumVisualStudioVersion = 10.0.40219.1
Project("{9A19103F-16F7-4668-BE54-9A1E7A4F7556}") = "HathDiscordStatus", "HathDiscordStatus.csproj", "{2D213B8C-CFFC-43E2-861B-FC4C6CE63DBE}"
EndProject
Global
	GlobalSection(SolutionConfigurationPlatforms) = preSolution
		Debug|Any CPU = Debug|Any CPU
		Release|Any CPU = Release|Any CPU
	EndGlobalSection
	GlobalSection(ProjectConfigurationPlatforms) = postSolution
		{2D213B8C-CFFC-43E2-861B-FC4C6CE63DBE}.Debug|Any CPU.ActiveCfg = Debug|Any CPU
		{2D213B8C-CFFC-43E2-861B-FC4C6CE63DBE}.Debug|Any CPU.Build.0 = Debug|Any CPU
		{2D213B8C-CFFC-43E2-861B-FC4C6CE63DBE}.Release|Any CPU.ActiveCfg = Release|Any CPU
		{2D213B8C-CFFC-43E2-861B-FC4C6CE63DBE}.Release|Any CPU.Build.0 = Release|Any CPU
	EndGlobalSection
	GlobalSection(SolutionProperties) = preSolution
		HideSolutionNode = FALSE
	EndGlobalSection
	GlobalSection(ExtensibilityGlobals) = postSolution
		SolutionGuid = {5652F9DF-643B-4AD1-84B8-ADEAB88A5124}
	EndGlobalSection
EndGlobal
